
Microsoft Visual Studio Solution File, Format Version 12.00
# Visual Studio 14
VisualStudioVersion = 14.0.25420.1
MinimumVisualStudioVersion = 10.0.40219.1
Project("{FAE04EC0-301F-11D3-BF4B-00C04F79EFBC}") = "AppG", "AppG\AppG\AppG.csproj", "{3FFFF959-B01E-45EB-9C60-8AAEB3669E47}"
EndProject
Project("{FAE04EC0-301F-11D3-BF4B-00C04F79EFBC}") = "AppG.Droid", "AppG\AppG.Droid\AppG.Droid.csproj", "{22F54186-E829-468C-9F65-3BA6B52FDF18}"
EndProject
Project("{FAE04EC0-301F-11D3-BF4B-00C04F79EFBC}") = "AppG.iOS", "AppG\AppG.iOS\AppG.iOS.csproj", "{A9D53BEF-CD0B-4283-8D43-A2ED0348C894}"
EndProject
Project("{FAE04EC0-301F-11D3-BF4B-00C04F79EFBC}") = "AppG.WinPhone", "AppG\AppG.WinPhone\AppG.WinPhone.csproj", "{51D67876-7B42-4391-AE40-2B8194F22288}"
EndProject
Project("{FAE04EC0-301F-11D3-BF4B-00C04F79EFBC}") = "AppG.Windows", "AppG\AppG.Windows\AppG.Windows.csproj", "{BCC8E18C-9C44-45DC-A8A2-0039461357BC}"
EndProject
Global
	GlobalSection(SolutionConfigurationPlatforms) = preSolution
		Ad-Hoc|Any CPU = Ad-Hoc|Any CPU
		Ad-Hoc|ARM = Ad-Hoc|ARM
		Ad-Hoc|iPhone = Ad-Hoc|iPhone
		Ad-Hoc|iPhoneSimulator = Ad-Hoc|iPhoneSimulator
		Ad-Hoc|x64 = Ad-Hoc|x64
		Ad-Hoc|x86 = Ad-Hoc|x86
		AppStore|Any CPU = AppStore|Any CPU
		AppStore|ARM = AppStore|ARM
		AppStore|iPhone = AppStore|iPhone
		AppStore|iPhoneSimulator = AppStore|iPhoneSimulator
		AppStore|x64 = AppStore|x64
		AppStore|x86 = AppStore|x86
		Debug|Any CPU = Debug|Any CPU
		Debug|ARM = Debug|ARM
		Debug|iPhone = Debug|iPhone
		Debug|iPhoneSimulator = Debug|iPhoneSimulator
		Debug|x64 = Debug|x64
		Debug|x86 = Debug|x86
		Release|Any CPU = Release|Any CPU
		Release|ARM = Release|ARM
		Release|iPhone = Release|iPhone
		Release|iPhoneSimulator = Release|iPhoneSimulator
		Release|x64 = Release|x64
		Release|x86 = Release|x86
	EndGlobalSection
	GlobalSection(ProjectConfigurationPlatforms) = postSolution
		{3FFFF959-B01E-45EB-9C60-8AAEB3669E47}.Ad-Hoc|Any CPU.ActiveCfg = Release|Any CPU
		{3FFFF959-B01E-45EB-9C60-8AAEB3669E47}.Ad-Hoc|Any CPU.Build.0 = Release|Any CPU
		{3FFFF959-B01E-45EB-9C60-8AAEB3669E47}.Ad-Hoc|ARM.ActiveCfg = Release|Any CPU
		{3FFFF959-B01E-45EB-9C60-8AAEB3669E47}.Ad-Hoc|ARM.Build.0 = Release|Any CPU
		{3FFFF959-B01E-45EB-9C60-8AAEB3669E47}.Ad-Hoc|iPhone.ActiveCfg = Release|Any CPU
		{3FFFF959-B01E-45EB-9C60-8AAEB3669E47}.Ad-Hoc|iPhone.Build.0 = Release|Any CPU
		{3FFFF959-B01E-45EB-9C60-8AAEB3669E47}.Ad-Hoc|iPhoneSimulator.ActiveCfg = Release|Any CPU
		{3FFFF959-B01E-45EB-9C60-8AAEB3669E47}.Ad-Hoc|iPhoneSimulator.Build.0 = Release|Any CPU
		{3FFFF959-B01E-45EB-9C60-8AAEB3669E47}.Ad-Hoc|x64.ActiveCfg = Release|Any CPU
		{3FFFF959-B01E-45EB-9C60-8AAEB3669E47}.Ad-Hoc|x64.Build.0 = Release|Any CPU
		{3FFFF959-B01E-45EB-9C60-8AAEB3669E47}.Ad-Hoc|x86.ActiveCfg = Release|Any CPU
		{3FFFF959-B01E-45EB-9C60-8AAEB3669E47}.Ad-Hoc|x86.Build.0 = Release|Any CPU
		{3FFFF959-B01E-45EB-9C60-8AAEB3669E47}.AppStore|Any CPU.ActiveCfg = Release|Any CPU
		{3FFFF959-B01E-45EB-9C60-8AAEB3669E47}.AppStore|Any CPU.Build.0 = Release|Any CPU
		{3FFFF959-B01E-45EB-9C60-8AAEB3669E47}.AppStore|ARM.ActiveCfg = Release|Any CPU
		{3FFFF959-B01E-45EB-9C60-8AAEB3669E47}.AppStore|ARM.Build.0 = Release|Any CPU
		{3FFFF959-B01E-45EB-9C60-8AAEB3669E47}.AppStore|iPhone.ActiveCfg = Release|Any CPU
		{3FFFF959-B01E-45EB-9C60-8AAEB3669E47}.AppStore|iPhone.Build.0 = Release|Any CPU
		{3FFFF959-B01E-45EB-9C60-8AAEB3669E47}.AppStore|iPhoneSimulator.ActiveCfg = Release|Any CPU
		{3FFFF959-B01E-45EB-9C60-8AAEB3669E47}.AppStore|iPhoneSimulator.Build.0 = Release|Any CPU
		{3FFFF959-B01E-45EB-9C60-8AAEB3669E47}.AppStore|x64.ActiveCfg = Release|Any CPU
		{3FFFF959-B01E-45EB-9C60-8AAEB3669E47}.AppStore|x64.Build.0 = Release|Any CPU
		{3FFFF959-B01E-45EB-9C60-8AAEB3669E47}.AppStore|x86.ActiveCfg = Release|Any CPU
		{3FFFF959-B01E-45EB-9C60-8AAEB3669E47}.AppStore|x86.Build.0 = Release|Any CPU
		{3FFFF959-B01E-45EB-9C60-8AAEB3669E47}.Debug|Any CPU.ActiveCfg = Debug|Any CPU
		{3FFFF959-B01E-45EB-9C60-8AAEB3669E47}.Debug|Any CPU.Build.0 = Debug|Any CPU
		{3FFFF959-B01E-45EB-9C60-8AAEB3669E47}.Debug|ARM.ActiveCfg = Debug|Any CPU
		{3FFFF959-B01E-45EB-9C60-8AAEB3669E47}.Debug|ARM.Build.0 = Debug|Any CPU
		{3FFFF959-B01E-45EB-9C60-8AAEB3669E47}.Debug|iPhone.ActiveCfg = Debug|Any CPU
		{3FFFF959-B01E-45EB-9C60-8AAEB3669E47}.Debug|iPhone.Build.0 = Debug|Any CPU
		{3FFFF959-B01E-45EB-9C60-8AAEB3669E47}.Debug|iPhoneSimulator.ActiveCfg = Debug|Any CPU
		{3FFFF959-B01E-45EB-9C60-8AAEB3669E47}.Debug|iPhoneSimulator.Build.0 = Debug|Any CPU
		{3FFFF959-B01E-45EB-9C60-8AAEB3669E47}.Debug|x64.ActiveCfg = Debug|Any CPU
		{3FFFF959-B01E-45EB-9C60-8AAEB3669E47}.Debug|x64.Build.0 = Debug|Any CPU
		{3FFFF959-B01E-45EB-9C60-8AAEB3669E47}.Debug|x86.ActiveCfg = Debug|Any CPU
		{3FFFF959-B01E-45EB-9C60-8AAEB3669E47}.Debug|x86.Build.0 = Debug|Any CPU
		{3FFFF959-B01E-45EB-9C60-8AAEB3669E47}.Release|Any CPU.ActiveCfg = Release|Any CPU
		{3FFFF959-B01E-45EB-9C60-8AAEB3669E47}.Release|Any CPU.Build.0 = Release|Any CPU
		{3FFFF959-B01E-45EB-9C60-8AAEB3669E47}.Release|ARM.ActiveCfg = Release|Any CPU
		{3FFFF959-B01E-45EB-9C60-8AAEB3669E47}.Release|ARM.Build.0 = Release|Any CPU
		{3FFFF959-B01E-45EB-9C60-8AAEB3669E47}.Release|iPhone.ActiveCfg = Release|Any CPU
		{3FFFF959-B01E-45EB-9C60-8AAEB3669E47}.Release|iPhone.Build.0 = Release|Any CPU
		{3FFFF959-B01E-45EB-9C60-8AAEB3669E47}.Release|iPhoneSimulator.ActiveCfg = Release|Any CPU
		{3FFFF959-B01E-45EB-9C60-8AAEB3669E47}.Release|iPhoneSimulator.Build.0 = Release|Any CPU
		{3FFFF959-B01E-45EB-9C60-8AAEB3669E47}.Release|x64.ActiveCfg = Release|Any CPU
		{3FFFF959-B01E-45EB-9C60-8AAEB3669E47}.Release|x64.Build.0 = Release|Any CPU
		{3FFFF959-B01E-45EB-9C60-8AAEB3669E47}.Release|x86.ActiveCfg = Release|Any CPU
		{3FFFF959-B01E-45EB-9C60-8AAEB3669E47}.Release|x86.Build.0 = Release|Any CPU
		{22F54186-E829-468C-9F65-3BA6B52FDF18}.Ad-Hoc|Any CPU.ActiveCfg = Release|Any CPU
		{22F54186-E829-468C-9F65-3BA6B52FDF18}.Ad-Hoc|Any CPU.Build.0 = Release|Any CPU
		{22F54186-E829-468C-9F65-3BA6B52FDF18}.Ad-Hoc|Any CPU.Deploy.0 = Release|Any CPU
		{22F54186-E829-468C-9F65-3BA6B52FDF18}.Ad-Hoc|ARM.ActiveCfg = Release|Any CPU
		{22F54186-E829-468C-9F65-3BA6B52FDF18}.Ad-Hoc|ARM.Build.0 = Release|Any CPU
		{22F54186-E829-468C-9F65-3BA6B52FDF18}.Ad-Hoc|ARM.Deploy.0 = Release|Any CPU
		{22F54186-E829-468C-9F65-3BA6B52FDF18}.Ad-Hoc|iPhone.ActiveCfg = Release|Any CPU
		{22F54186-E829-468C-9F65-3BA6B52FDF18}.Ad-Hoc|iPhone.Build.0 = Release|Any CPU
		{22F54186-E829-468C-9F65-3BA6B52FDF18}.Ad-Hoc|iPhone.Deploy.0 = Release|Any CPU
		{22F54186-E829-468C-9F65-3BA6B52FDF18}.Ad-Hoc|iPhoneSimulator.ActiveCfg = Release|Any CPU
		{22F54186-E829-468C-9F65-3BA6B52FDF18}.Ad-Hoc|iPhoneSimulator.Build.0 = Release|Any CPU
		{22F54186-E829-468C-9F65-3BA6B52FDF18}.Ad-Hoc|iPhoneSimulator.Deploy.0 = Release|Any CPU
		{22F54186-E829-468C-9F65-3BA6B52FDF18}.Ad-Hoc|x64.ActiveCfg = Release|Any CPU
		{22F54186-E829-468C-9F65-3BA6B52FDF18}.Ad-Hoc|x64.Build.0 = Release|Any CPU
		{22F54186-E829-468C-9F65-3BA6B52FDF18}.Ad-Hoc|x64.Deploy.0 = Release|Any CPU
		{22F54186-E829-468C-9F65-3BA6B52FDF18}.Ad-Hoc|x86.ActiveCfg = Release|Any CPU
		{22F54186-E829-468C-9F65-3BA6B52FDF18}.Ad-Hoc|x86.Build.0 = Release|Any CPU
		{22F54186-E829-468C-9F65-3BA6B52FDF18}.Ad-Hoc|x86.Deploy.0 = Release|Any CPU
		{22F54186-E829-468C-9F65-3BA6B52FDF18}.AppStore|Any CPU.ActiveCfg = Release|Any CPU
		{22F54186-E829-468C-9F65-3BA6B52FDF18}.AppStore|Any CPU.Build.0 = Release|Any CPU
		{22F54186-E829-468C-9F65-3BA6B52FDF18}.AppStore|Any CPU.Deploy.0 = Release|Any CPU
		{22F54186-E829-468C-9F65-3BA6B52FDF18}.AppStore|ARM.ActiveCfg = Release|Any CPU
		{22F54186-E829-468C-9F65-3BA6B52FDF18}.AppStore|ARM.Build.0 = Release|Any CPU
		{22F54186-E829-468C-9F65-3BA6B52FDF18}.AppStore|ARM.Deploy.0 = Release|Any CPU
		{22F54186-E829-468C-9F65-3BA6B52FDF18}.AppStore|iPhone.ActiveCfg = Release|Any CPU
		{22F54186-E829-468C-9F65-3BA6B52FDF18}.AppStore|iPhone.Build.0 = Release|Any CPU
		{22F54186-E829-468C-9F65-3BA6B52FDF18}.AppStore|iPhone.Deploy.0 = Release|Any CPU
		{22F54186-E829-468C-9F65-3BA6B52FDF18}.AppStore|iPhoneSimulator.ActiveCfg = Release|Any CPU
		{22F54186-E829-468C-9F65-3BA6B52FDF18}.AppStore|iPhoneSimulator.Build.0 = Release|Any CPU
		{22F54186-E829-468C-9F65-3BA6B52FDF18}.AppStore|iPhoneSimulator.Deploy.0 = Release|Any CPU
		{22F54186-E829-468C-9F65-3BA6B52FDF18}.AppStore|x64.ActiveCfg = Release|Any CPU
		{22F54186-E829-468C-9F65-3BA6B52FDF18}.AppStore|x64.Build.0 = Release|Any CPU
		{22F54186-E829-468C-9F65-3BA6B52FDF18}.AppStore|x64.Deploy.0 = Release|Any CPU
		{22F54186-E829-468C-9F65-3BA6B52FDF18}.AppStore|x86.ActiveCfg = Release|Any CPU
		{22F54186-E829-468C-9F65-3BA6B52FDF18}.AppStore|x86.Build.0 = Release|Any CPU
		{22F54186-E829-468C-9F65-3BA6B52FDF18}.AppStore|x86.Deploy.0 = Release|Any CPU
		{22F54186-E829-468C-9F65-3BA6B52FDF18}.Debug|Any CPU.ActiveCfg = Debug|Any CPU
		{22F54186-E829-468C-9F65-3BA6B52FDF18}.Debug|Any CPU.Build.0 = Debug|Any CPU
		{22F54186-E829-468C-9F65-3BA6B52FDF18}.Debug|Any CPU.Deploy.0 = Debug|Any CPU
		{22F54186-E829-468C-9F65-3BA6B52FDF18}.Debug|ARM.ActiveCfg = Debug|Any CPU
		{22F54186-E829-468C-9F65-3BA6B52FDF18}.Debug|ARM.Build.0 = Debug|Any CPU
		{22F54186-E829-468C-9F65-3BA6B52FDF18}.Debug|ARM.Deploy.0 = Debug|Any CPU
		{22F54186-E829-468C-9F65-3BA6B52FDF18}.Debug|iPhone.ActiveCfg = Debug|Any CPU
		{22F54186-E829-468C-9F65-3BA6B52FDF18}.Debug|iPhone.Build.0 = Debug|Any CPU
		{22F54186-E829-468C-9F65-3BA6B52FDF18}.Debug|iPhone.Deploy.0 = Debug|Any CPU
		{22F54186-E829-468C-9F65-3BA6B52FDF18}.Debug|iPhoneSimulator.ActiveCfg = Debug|Any CPU
		{22F54186-E829-468C-9F65-3BA6B52FDF18}.Debug|iPhoneSimulator.Build.0 = Debug|Any CPU
		{22F54186-E829-468C-9F65-3BA6B52FDF18}.Debug|iPhoneSimulator.Deploy.0 = Debug|Any CPU
		{22F54186-E829-468C-9F65-3BA6B52FDF18}.Debug|x64.ActiveCfg = Debug|Any CPU
		{22F54186-E829-468C-9F65-3BA6B52FDF18}.Debug|x64.Build.0 = Debug|Any CPU
		{22F54186-E829-468C-9F65-3BA6B52FDF18}.Debug|x64.Deploy.0 = Debug|Any CPU
		{22F54186-E829-468C-9F65-3BA6B52FDF18}.Debug|x86.ActiveCfg = Debug|Any CPU
		{22F54186-E829-468C-9F65-3BA6B52FDF18}.Debug|x86.Build.0 = Debug|Any CPU
		{22F54186-E829-468C-9F65-3BA6B52FDF18}.Debug|x86.Deploy.0 = Debug|Any CPU
		{22F54186-E829-468C-9F65-3BA6B52FDF18}.Release|Any CPU.ActiveCfg = Release|Any CPU
		{22F54186-E829-468C-9F65-3BA6B52FDF18}.Release|Any CPU.Build.0 = Release|Any CPU
		{22F54186-E829-468C-9F65-3BA6B52FDF18}.Release|Any CPU.Deploy.0 = Release|Any CPU
		{22F54186-E829-468C-9F65-3BA6B52FDF18}.Release|ARM.ActiveCfg = Release|Any CPU
		{22F54186-E829-468C-9F65-3BA6B52FDF18}.Release|ARM.Build.0 = Release|Any CPU
		{22F54186-E829-468C-9F65-3BA6B52FDF18}.Release|ARM.Deploy.0 = Release|Any CPU
		{22F54186-E829-468C-9F65-3BA6B52FDF18}.Release|iPhone.ActiveCfg = Release|Any CPU
		{22F54186-E829-468C-9F65-3BA6B52FDF18}.Release|iPhone.Build.0 = Release|Any CPU
		{22F54186-E829-468C-9F65-3BA6B52FDF18}.Release|iPhone.Deploy.0 = Release|Any CPU
		{22F54186-E829-468C-9F65-3BA6B52FDF18}.Release|iPhoneSimulator.ActiveCfg = Release|Any CPU
		{22F54186-E829-468C-9F65-3BA6B52FDF18}.Release|iPhoneSimulator.Build.0 = Release|Any CPU
		{22F54186-E829-468C-9F65-3BA6B52FDF18}.Release|iPhoneSimulator.Deploy.0 = Release|Any CPU
		{22F54186-E829-468C-9F65-3BA6B52FDF18}.Release|x64.ActiveCfg = Release|Any CPU
		{22F54186-E829-468C-9F65-3BA6B52FDF18}.Release|x64.Build.0 = Release|Any CPU
		{22F54186-E829-468C-9F65-3BA6B52FDF18}.Release|x64.Deploy.0 = Release|Any CPU
		{22F54186-E829-468C-9F65-3BA6B52FDF18}.Release|x86.ActiveCfg = Release|Any CPU
		{22F54186-E829-468C-9F65-3BA6B52FDF18}.Release|x86.Build.0 = Release|Any CPU
		{22F54186-E829-468C-9F65-3BA6B52FDF18}.Release|x86.Deploy.0 = Release|Any CPU
		{A9D53BEF-CD0B-4283-8D43-A2ED0348C894}.Ad-Hoc|Any CPU.ActiveCfg = Ad-Hoc|iPhone
		{A9D53BEF-CD0B-4283-8D43-A2ED0348C894}.Ad-Hoc|ARM.ActiveCfg = Ad-Hoc|iPhone
		{A9D53BEF-CD0B-4283-8D43-A2ED0348C894}.Ad-Hoc|iPhone.ActiveCfg = Ad-Hoc|iPhone
		{A9D53BEF-CD0B-4283-8D43-A2ED0348C894}.Ad-Hoc|iPhone.Build.0 = Ad-Hoc|iPhone
		{A9D53BEF-CD0B-4283-8D43-A2ED0348C894}.Ad-Hoc|iPhoneSimulator.ActiveCfg = Ad-Hoc|iPhoneSimulator
		{A9D53BEF-CD0B-4283-8D43-A2ED0348C894}.Ad-Hoc|iPhoneSimulator.Build.0 = Ad-Hoc|iPhoneSimulator
		{A9D53BEF-CD0B-4283-8D43-A2ED0348C894}.Ad-Hoc|x64.ActiveCfg = Ad-Hoc|iPhone
		{A9D53BEF-CD0B-4283-8D43-A2ED0348C894}.Ad-Hoc|x86.ActiveCfg = Ad-Hoc|iPhone
		{A9D53BEF-CD0B-4283-8D43-A2ED0348C894}.AppStore|Any CPU.ActiveCfg = AppStore|iPhone
		{A9D53BEF-CD0B-4283-8D43-A2ED0348C894}.AppStore|ARM.ActiveCfg = AppStore|iPhone
		{A9D53BEF-CD0B-4283-8D43-A2ED0348C894}.AppStore|iPhone.ActiveCfg = AppStore|iPhone
		{A9D53BEF-CD0B-4283-8D43-A2ED0348C894}.AppStore|iPhone.Build.0 = AppStore|iPhone
		{A9D53BEF-CD0B-4283-8D43-A2ED0348C894}.AppStore|iPhoneSimulator.ActiveCfg = AppStore|iPhoneSimulator
		{A9D53BEF-CD0B-4283-8D43-A2ED0348C894}.AppStore|iPhoneSimulator.Build.0 = AppStore|iPhoneSimulator
		{A9D53BEF-CD0B-4283-8D43-A2ED0348C894}.AppStore|x64.ActiveCfg = AppStore|iPhone
		{A9D53BEF-CD0B-4283-8D43-A2ED0348C894}.AppStore|x86.ActiveCfg = AppStore|iPhone
		{A9D53BEF-CD0B-4283-8D43-A2ED0348C894}.Debug|Any CPU.ActiveCfg = Debug|iPhone
		{A9D53BEF-CD0B-4283-8D43-A2ED0348C894}.Debug|ARM.ActiveCfg = Debug|iPhone
		{A9D53BEF-CD0B-4283-8D43-A2ED0348C894}.Debug|iPhone.ActiveCfg = Debug|iPhone
		{A9D53BEF-CD0B-4283-8D43-A2ED0348C894}.Debug|iPhone.Build.0 = Debug|iPhone
		{A9D53BEF-CD0B-4283-8D43-A2ED0348C894}.Debug|iPhoneSimulator.ActiveCfg = Debug|iPhoneSimulator
		{A9D53BEF-CD0B-4283-8D43-A2ED0348C894}.Debug|iPhoneSimulator.Build.0 = Debug|iPhoneSimulator
		{A9D53BEF-CD0B-4283-8D43-A2ED0348C894}.Debug|x64.ActiveCfg = Debug|iPhone
		{A9D53BEF-CD0B-4283-8D43-A2ED0348C894}.Debug|x86.ActiveCfg = Debug|iPhone
		{A9D53BEF-CD0B-4283-8D43-A2ED0348C894}.Release|Any CPU.ActiveCfg = Release|iPhone
		{A9D53BEF-CD0B-4283-8D43-A2ED0348C894}.Release|ARM.ActiveCfg = Release|iPhone
		{A9D53BEF-CD0B-4283-8D43-A2ED0348C894}.Release|iPhone.ActiveCfg = Release|iPhone
		{A9D53BEF-CD0B-4283-8D43-A2ED0348C894}.Release|iPhone.Build.0 = Release|iPhone
		{A9D53BEF-CD0B-4283-8D43-A2ED0348C894}.Release|iPhoneSimulator.ActiveCfg = Release|iPhoneSimulator
		{A9D53BEF-CD0B-4283-8D43-A2ED0348C894}.Release|iPhoneSimulator.Build.0 = Release|iPhoneSimulator
		{A9D53BEF-CD0B-4283-8D43-A2ED0348C894}.Release|x64.ActiveCfg = Release|iPhone
		{A9D53BEF-CD0B-4283-8D43-A2ED0348C894}.Release|x86.ActiveCfg = Release|iPhone
		{51D67876-7B42-4391-AE40-2B8194F22288}.Ad-Hoc|Any CPU.ActiveCfg = Release|Any CPU
		{51D67876-7B42-4391-AE40-2B8194F22288}.Ad-Hoc|Any CPU.Build.0 = Release|Any CPU
		{51D67876-7B42-4391-AE40-2B8194F22288}.Ad-Hoc|Any CPU.Deploy.0 = Release|Any CPU
		{51D67876-7B42-4391-AE40-2B8194F22288}.Ad-Hoc|ARM.ActiveCfg = Release|ARM
		{51D67876-7B42-4391-AE40-2B8194F22288}.Ad-Hoc|ARM.Build.0 = Release|ARM
		{51D67876-7B42-4391-AE40-2B8194F22288}.Ad-Hoc|ARM.Deploy.0 = Release|ARM
		{51D67876-7B42-4391-AE40-2B8194F22288}.Ad-Hoc|iPhone.ActiveCfg = Release|Any CPU
		{51D67876-7B42-4391-AE40-2B8194F22288}.Ad-Hoc|iPhone.Build.0 = Release|Any CPU
		{51D67876-7B42-4391-AE40-2B8194F22288}.Ad-Hoc|iPhone.Deploy.0 = Release|Any CPU
		{51D67876-7B42-4391-AE40-2B8194F22288}.Ad-Hoc|iPhoneSimulator.ActiveCfg = Release|Any CPU
		{51D67876-7B42-4391-AE40-2B8194F22288}.Ad-Hoc|iPhoneSimulator.Build.0 = Release|Any CPU
		{51D67876-7B42-4391-AE40-2B8194F22288}.Ad-Hoc|iPhoneSimulator.Deploy.0 = Release|Any CPU
		{51D67876-7B42-4391-AE40-2B8194F22288}.Ad-Hoc|x64.ActiveCfg = Release|Any CPU
		{51D67876-7B42-4391-AE40-2B8194F22288}.Ad-Hoc|x64.Build.0 = Release|Any CPU
		{51D67876-7B42-4391-AE40-2B8194F22288}.Ad-Hoc|x64.Deploy.0 = Release|Any CPU
		{51D67876-7B42-4391-AE40-2B8194F22288}.Ad-Hoc|x86.ActiveCfg = Release|x86
		{51D67876-7B42-4391-AE40-2B8194F22288}.Ad-Hoc|x86.Build.0 = Release|x86
		{51D67876-7B42-4391-AE40-2B8194F22288}.Ad-Hoc|x86.Deploy.0 = Release|x86
		{51D67876-7B42-4391-AE40-2B8194F22288}.AppStore|Any CPU.ActiveCfg = Release|Any CPU
		{51D67876-7B42-4391-AE40-2B8194F22288}.AppStore|Any CPU.Build.0 = Release|Any CPU
		{51D67876-7B42-4391-AE40-2B8194F22288}.AppStore|Any CPU.Deploy.0 = Release|Any CPU
		{51D67876-7B42-4391-AE40-2B8194F22288}.AppStore|ARM.ActiveCfg = Release|ARM
		{51D67876-7B42-4391-AE40-2B8194F22288}.AppStore|ARM.Build.0 = Release|ARM
		{51D67876-7B42-4391-AE40-2B8194F22288}.AppStore|ARM.Deploy.0 = Release|ARM
		{51D67876-7B42-4391-AE40-2B8194F22288}.AppStore|iPhone.ActiveCfg = Release|Any CPU
		{51D67876-7B42-4391-AE40-2B8194F22288}.AppStore|iPhone.Build.0 = Release|Any CPU
		{51D67876-7B42-4391-AE40-2B8194F22288}.AppStore|iPhone.Deploy.0 = Release|Any CPU
		{51D67876-7B42-4391-AE40-2B8194F22288}.AppStore|iPhoneSimulator.ActiveCfg = Release|Any CPU
		{51D67876-7B42-4391-AE40-2B8194F22288}.AppStore|iPhoneSimulator.Build.0 = Release|Any CPU
		{51D67876-7B42-4391-AE40-2B8194F22288}.AppStore|iPhoneSimulator.Deploy.0 = Release|Any CPU
		{51D67876-7B42-4391-AE40-2B8194F22288}.AppStore|x64.ActiveCfg = Release|Any CPU
		{51D67876-7B42-4391-AE40-2B8194F22288}.AppStore|x64.Build.0 = Release|Any CPU
		{51D67876-7B42-4391-AE40-2B8194F22288}.AppStore|x64.Deploy.0 = Release|Any CPU
		{51D67876-7B42-4391-AE40-2B8194F22288}.AppStore|x86.ActiveCfg = Release|x86
		{51D67876-7B42-4391-AE40-2B8194F22288}.AppStore|x86.Build.0 = Release|x86
		{51D67876-7B42-4391-AE40-2B8194F22288}.AppStore|x86.Deploy.0 = Release|x86
		{51D67876-7B42-4391-AE40-2B8194F22288}.Debug|Any CPU.ActiveCfg = Debug|Any CPU
		{51D67876-7B42-4391-AE40-2B8194F22288}.Debug|Any CPU.Build.0 = Debug|Any CPU
		{51D67876-7B42-4391-AE40-2B8194F22288}.Debug|Any CPU.Deploy.0 = Debug|Any CPU
		{51D67876-7B42-4391-AE40-2B8194F22288}.Debug|ARM.ActiveCfg = Debug|ARM
		{51D67876-7B42-4391-AE40-2B8194F22288}.Debug|ARM.Build.0 = Debug|ARM
		{51D67876-7B42-4391-AE40-2B8194F22288}.Debug|ARM.Deploy.0 = Debug|ARM
		{51D67876-7B42-4391-AE40-2B8194F22288}.Debug|iPhone.ActiveCfg = Debug|Any CPU
		{51D67876-7B42-4391-AE40-2B8194F22288}.Debug|iPhone.Build.0 = Debug|Any CPU
		{51D67876-7B42-4391-AE40-2B8194F22288}.Debug|iPhone.Deploy.0 = Debug|Any CPU
		{51D67876-7B42-4391-AE40-2B8194F22288}.Debug|iPhoneSimulator.ActiveCfg = Debug|Any CPU
		{51D67876-7B42-4391-AE40-2B8194F22288}.Debug|iPhoneSimulator.Build.0 = Debug|Any CPU
		{51D67876-7B42-4391-AE40-2B8194F22288}.Debug|iPhoneSimulator.Deploy.0 = Debug|Any CPU
		{51D67876-7B42-4391-AE40-2B8194F22288}.Debug|x64.ActiveCfg = Debug|Any CPU
		{51D67876-7B42-4391-AE40-2B8194F22288}.Debug|x64.Build.0 = Debug|Any CPU
		{51D67876-7B42-4391-AE40-2B8194F22288}.Debug|x64.Deploy.0 = Debug|Any CPU
		{51D67876-7B42-4391-AE40-2B8194F22288}.Debug|x86.ActiveCfg = Debug|x86
		{51D67876-7B42-4391-AE40-2B8194F22288}.Debug|x86.Build.0 = Debug|x86
		{51D67876-7B42-4391-AE40-2B8194F22288}.Debug|x86.Deploy.0 = Debug|x86
		{51D67876-7B42-4391-AE40-2B8194F22288}.Release|Any CPU.ActiveCfg = Release|Any CPU
		{51D67876-7B42-4391-AE40-2B8194F22288}.Release|Any CPU.Build.0 = Release|Any CPU
		{51D67876-7B42-4391-AE40-2B8194F22288}.Release|Any CPU.Deploy.0 = Release|Any CPU
		{51D67876-7B42-4391-AE40-2B8194F22288}.Release|ARM.ActiveCfg = Release|ARM
		{51D67876-7B42-4391-AE40-2B8194F22288}.Release|ARM.Build.0 = Release|ARM
		{51D67876-7B42-4391-AE40-2B8194F22288}.Release|ARM.Deploy.0 = Release|ARM
		{51D67876-7B42-4391-AE40-2B8194F22288}.Release|iPhone.ActiveCfg = Release|Any CPU
		{51D67876-7B42-4391-AE40-2B8194F22288}.Release|iPhone.Build.0 = Release|Any CPU
		{51D67876-7B42-4391-AE40-2B8194F22288}.Release|iPhone.Deploy.0 = Release|Any CPU
		{51D67876-7B42-4391-AE40-2B8194F22288}.Release|iPhoneSimulator.ActiveCfg = Release|Any CPU
		{51D67876-7B42-4391-AE40-2B8194F22288}.Release|iPhoneSimulator.Build.0 = Release|Any CPU
		{51D67876-7B42-4391-AE40-2B8194F22288}.Release|iPhoneSimulator.Deploy.0 = Release|Any CPU
		{51D67876-7B42-4391-AE40-2B8194F22288}.Release|x64.ActiveCfg = Release|Any CPU
		{51D67876-7B42-4391-AE40-2B8194F22288}.Release|x64.Build.0 = Release|Any CPU
		{51D67876-7B42-4391-AE40-2B8194F22288}.Release|x64.Deploy.0 = Release|Any CPU
		{51D67876-7B42-4391-AE40-2B8194F22288}.Release|x86.ActiveCfg = Release|x86
		{51D67876-7B42-4391-AE40-2B8194F22288}.Release|x86.Build.0 = Release|x86
		{51D67876-7B42-4391-AE40-2B8194F22288}.Release|x86.Deploy.0 = Release|x86
		{BCC8E18C-9C44-45DC-A8A2-0039461357BC}.Ad-Hoc|Any CPU.ActiveCfg = Release|Any CPU
		{BCC8E18C-9C44-45DC-A8A2-0039461357BC}.Ad-Hoc|Any CPU.Build.0 = Release|Any CPU
		{BCC8E18C-9C44-45DC-A8A2-0039461357BC}.Ad-Hoc|Any CPU.Deploy.0 = Release|Any CPU
		{BCC8E18C-9C44-45DC-A8A2-0039461357BC}.Ad-Hoc|ARM.ActiveCfg = Release|ARM
		{BCC8E18C-9C44-45DC-A8A2-0039461357BC}.Ad-Hoc|ARM.Build.0 = Release|ARM
		{BCC8E18C-9C44-45DC-A8A2-0039461357BC}.Ad-Hoc|ARM.Deploy.0 = Release|ARM
		{BCC8E18C-9C44-45DC-A8A2-0039461357BC}.Ad-Hoc|iPhone.ActiveCfg = Release|Any CPU
		{BCC8E18C-9C44-45DC-A8A2-0039461357BC}.Ad-Hoc|iPhone.Build.0 = Release|Any CPU
		{BCC8E18C-9C44-45DC-A8A2-0039461357BC}.Ad-Hoc|iPhone.Deploy.0 = Release|Any CPU
		{BCC8E18C-9C44-45DC-A8A2-0039461357BC}.Ad-Hoc|iPhoneSimulator.ActiveCfg = Release|Any CPU
		{BCC8E18C-9C44-45DC-A8A2-0039461357BC}.Ad-Hoc|iPhoneSimulator.Build.0 = Release|Any CPU
		{BCC8E18C-9C44-45DC-A8A2-0039461357BC}.Ad-Hoc|iPhoneSimulator.Deploy.0 = Release|Any CPU
		{BCC8E18C-9C44-45DC-A8A2-0039461357BC}.Ad-Hoc|x64.ActiveCfg = Release|x64
		{BCC8E18C-9C44-45DC-A8A2-0039461357BC}.Ad-Hoc|x64.Build.0 = Release|x64
		{BCC8E18C-9C44-45DC-A8A2-0039461357BC}.Ad-Hoc|x64.Deploy.0 = Release|x64
		{BCC8E18C-9C44-45DC-A8A2-0039461357BC}.Ad-Hoc|x86.ActiveCfg = Release|x86
		{BCC8E18C-9C44-45DC-A8A2-0039461357BC}.Ad-Hoc|x86.Build.0 = Release|x86
		{BCC8E18C-9C44-45DC-A8A2-0039461357BC}.Ad-Hoc|x86.Deploy.0 = Release|x86
		{BCC8E18C-9C44-45DC-A8A2-0039461357BC}.AppStore|Any CPU.ActiveCfg = Release|Any CPU
		{BCC8E18C-9C44-45DC-A8A2-0039461357BC}.AppStore|Any CPU.Build.0 = Release|Any CPU
		{BCC8E18C-9C44-45DC-A8A2-0039461357BC}.AppStore|Any CPU.Deploy.0 = Release|Any CPU
		{BCC8E18C-9C44-45DC-A8A2-0039461357BC}.AppStore|ARM.ActiveCfg = Release|ARM
		{BCC8E18C-9C44-45DC-A8A2-0039461357BC}.AppStore|ARM.Build.0 = Release|ARM
		{BCC8E18C-9C44-45DC-A8A2-0039461357BC}.AppStore|ARM.Deploy.0 = Release|ARM
		{BCC8E18C-9C44-45DC-A8A2-0039461357BC}.AppStore|iPhone.ActiveCfg = Release|Any CPU
		{BCC8E18C-9C44-45DC-A8A2-0039461357BC}.AppStore|iPhone.Build.0 = Release|Any CPU
		{BCC8E18C-9C44-45DC-A8A2-0039461357BC}.AppStore|iPhone.Deploy.0 = Release|Any CPU
		{BCC8E18C-9C44-45DC-A8A2-0039461357BC}.AppStore|iPhoneSimulator.ActiveCfg = Release|Any CPU
		{BCC8E18C-9C44-45DC-A8A2-0039461357BC}.AppStore|iPhoneSimulator.Build.0 = Release|Any CPU
		{BCC8E18C-9C44-45DC-A8A2-0039461357BC}.AppStore|iPhoneSimulator.Deploy.0 = Release|Any CPU
		{BCC8E18C-9C44-45DC-A8A2-0039461357BC}.AppStore|x64.ActiveCfg = Release|x64
		{BCC8E18C-9C44-45DC-A8A2-0039461357BC}.AppStore|x64.Build.0 = Release|x64
		{BCC8E18C-9C44-45DC-A8A2-0039461357BC}.AppStore|x64.Deploy.0 = Release|x64
		{BCC8E18C-9C44-45DC-A8A2-0039461357BC}.AppStore|x86.ActiveCfg = Release|x86
		{BCC8E18C-9C44-45DC-A8A2-0039461357BC}.AppStore|x86.Build.0 = Release|x86
		{BCC8E18C-9C44-45DC-A8A2-0039461357BC}.AppStore|x86.Deploy.0 = Release|x86
		{BCC8E18C-9C44-45DC-A8A2-0039461357BC}.Debug|Any CPU.ActiveCfg = Debug|Any CPU
		{BCC8E18C-9C44-45DC-A8A2-0039461357BC}.Debug|Any CPU.Build.0 = Debug|Any CPU
		{BCC8E18C-9C44-45DC-A8A2-0039461357BC}.Debug|Any CPU.Deploy.0 = Debug|Any CPU
		{BCC8E18C-9C44-45DC-A8A2-0039461357BC}.Debug|ARM.ActiveCfg = Debug|ARM
		{BCC8E18C-9C44-45DC-A8A2-0039461357BC}.Debug|ARM.Build.0 = Debug|ARM
		{BCC8E18C-9C44-45DC-A8A2-0039461357BC}.Debug|ARM.Deploy.0 = Debug|ARM
		{BCC8E18C-9C44-45DC-A8A2-0039461357BC}.Debug|iPhone.ActiveCfg = Debug|Any CPU
		{BCC8E18C-9C44-45DC-A8A2-0039461357BC}.Debug|iPhone.Build.0 = Debug|Any CPU
		{BCC8E18C-9C44-45DC-A8A2-0039461357BC}.Debug|iPhone.Deploy.0 = Debug|Any CPU
		{BCC8E18C-9C44-45DC-A8A2-0039461357BC}.Debug|iPhoneSimulator.ActiveCfg = Debug|Any CPU
		{BCC8E18C-9C44-45DC-A8A2-0039461357BC}.Debug|iPhoneSimulator.Build.0 = Debug|Any CPU
		{BCC8E18C-9C44-45DC-A8A2-0039461357BC}.Debug|iPhoneSimulator.Deploy.0 = Debug|Any CPU
		{BCC8E18C-9C44-45DC-A8A2-0039461357BC}.Debug|x64.ActiveCfg = Debug|x64
		{BCC8E18C-9C44-45DC-A8A2-0039461357BC}.Debug|x64.Build.0 = Debug|x64
		{BCC8E18C-9C44-45DC-A8A2-0039461357BC}.Debug|x64.Deploy.0 = Debug|x64
		{BCC8E18C-9C44-45DC-A8A2-0039461357BC}.Debug|x86.ActiveCfg = Debug|x86
		{BCC8E18C-9C44-45DC-A8A2-0039461357BC}.Debug|x86.Build.0 = Debug|x86
		{BCC8E18C-9C44-45DC-A8A2-0039461357BC}.Debug|x86.Deploy.0 = Debug|x86
		{BCC8E18C-9C44-45DC-A8A2-0039461357BC}.Release|Any CPU.ActiveCfg = Release|Any CPU
		{BCC8E18C-9C44-45DC-A8A2-0039461357BC}.Release|Any CPU.Build.0 = Release|Any CPU
		{BCC8E18C-9C44-45DC-A8A2-0039461357BC}.Release|Any CPU.Deploy.0 = Release|Any CPU
		{BCC8E18C-9C44-45DC-A8A2-0039461357BC}.Release|ARM.ActiveCfg = Release|ARM
		{BCC8E18C-9C44-45DC-A8A2-0039461357BC}.Release|ARM.Build.0 = Release|ARM
		{BCC8E18C-9C44-45DC-A8A2-0039461357BC}.Release|ARM.Deploy.0 = Release|ARM
		{BCC8E18C-9C44-45DC-A8A2-0039461357BC}.Release|iPhone.ActiveCfg = Release|Any CPU
		{BCC8E18C-9C44-45DC-A8A2-0039461357BC}.Release|iPhone.Build.0 = Release|Any CPU
		{BCC8E18C-9C44-45DC-A8A2-0039461357BC}.Release|iPhone.Deploy.0 = Release|Any CPU
		{BCC8E18C-9C44-45DC-A8A2-0039461357BC}.Release|iPhoneSimulator.ActiveCfg = Release|Any CPU
		{BCC8E18C-9C44-45DC-A8A2-0039461357BC}.Release|iPhoneSimulator.Build.0 = Release|Any CPU
		{BCC8E18C-9C44-45DC-A8A2-0039461357BC}.Release|iPhoneSimulator.Deploy.0 = Release|Any CPU
		{BCC8E18C-9C44-45DC-A8A2-0039461357BC}.Release|x64.ActiveCfg = Release|x64
		{BCC8E18C-9C44-45DC-A8A2-0039461357BC}.Release|x64.Build.0 = Release|x64
		{BCC8E18C-9C44-45DC-A8A2-0039461357BC}.Release|x64.Deploy.0 = Release|x64
		{BCC8E18C-9C44-45DC-A8A2-0039461357BC}.Release|x86.ActiveCfg = Release|x86
		{BCC8E18C-9C44-45DC-A8A2-0039461357BC}.Release|x86.Build.0 = Release|x86
		{BCC8E18C-9C44-45DC-A8A2-0039461357BC}.Release|x86.Deploy.0 = Release|x86
	EndGlobalSection
	GlobalSection(SolutionProperties) = preSolution
		HideSolutionNode = FALSE
	EndGlobalSection
EndGlobal
